
Microsoft Visual Studio Solution File, Format Version 12.00
# Visual Studio Version 17
VisualStudioVersion = 17.4.33205.214
MinimumVisualStudioVersion = 10.0.40219.1
<<<<<<< HEAD
Project("{9A19103F-16F7-4668-BE54-9A1E7A4F7556}") = "Gestion-des-hotels", "Gestion-des-hotels\Gestion-des-hotels.csproj", "{5C9243FB-2F56-42E7-A3DC-D7817215EA9F}"
=======
Project("{FAE04EC0-301F-11D3-BF4B-00C04F79EFBC}") = "Gestion-des-hotels", "Gestion-des-hotels\Gestion-des-hotels.csproj", "{5C9243FB-2F56-42E7-A3DC-D7817215EA9F}"
>>>>>>> test/Version_finale
EndProject
Global
	GlobalSection(SolutionConfigurationPlatforms) = preSolution
		Debug|Any CPU = Debug|Any CPU
		Release|Any CPU = Release|Any CPU
	EndGlobalSection
	GlobalSection(ProjectConfigurationPlatforms) = postSolution
		{5C9243FB-2F56-42E7-A3DC-D7817215EA9F}.Debug|Any CPU.ActiveCfg = Debug|Any CPU
		{5C9243FB-2F56-42E7-A3DC-D7817215EA9F}.Debug|Any CPU.Build.0 = Debug|Any CPU
		{5C9243FB-2F56-42E7-A3DC-D7817215EA9F}.Release|Any CPU.ActiveCfg = Release|Any CPU
		{5C9243FB-2F56-42E7-A3DC-D7817215EA9F}.Release|Any CPU.Build.0 = Release|Any CPU
	EndGlobalSection
	GlobalSection(SolutionProperties) = preSolution
		HideSolutionNode = FALSE
	EndGlobalSection
	GlobalSection(ExtensibilityGlobals) = postSolution
		SolutionGuid = {2401531B-914F-430B-A1AF-F7C2BD26B023}
	EndGlobalSection
EndGlobal
